
Microsoft Visual Studio Solution File, Format Version 12.00
# Visual Studio Version 17
VisualStudioVersion = 17.12.35527.113
MinimumVisualStudioVersion = 10.0.40219.1
Project("{FAE04EC0-301F-11D3-BF4B-00C04F79EFBC}") = "Data", "Data\Data.csproj", "{9B98B59A-3B65-49DF-9795-61F5419E920E}"
EndProject
Project("{FAE04EC0-301F-11D3-BF4B-00C04F79EFBC}") = "Business", "Infrastructure\Business.csproj", "{1D99C749-69B8-498F-9231-AE54E41FD2FB}"
EndProject
Project("{FAE04EC0-301F-11D3-BF4B-00C04F79EFBC}") = "Presentation", "Presentation\Presentation.csproj", "{53E21214-9C82-4DE8-AA24-EC94D321F0C5}"
EndProject
Global
	GlobalSection(SolutionConfigurationPlatforms) = preSolution
		Debug|Any CPU = Debug|Any CPU
		Release|Any CPU = Release|Any CPU
	EndGlobalSection
	GlobalSection(ProjectConfigurationPlatforms) = postSolution
		{9B98B59A-3B65-49DF-9795-61F5419E920E}.Debug|Any CPU.ActiveCfg = Debug|Any CPU
		{9B98B59A-3B65-49DF-9795-61F5419E920E}.Debug|Any CPU.Build.0 = Debug|Any CPU
		{9B98B59A-3B65-49DF-9795-61F5419E920E}.Release|Any CPU.ActiveCfg = Release|Any CPU
		{9B98B59A-3B65-49DF-9795-61F5419E920E}.Release|Any CPU.Build.0 = Release|Any CPU
		{1D99C749-69B8-498F-9231-AE54E41FD2FB}.Debug|Any CPU.ActiveCfg = Debug|Any CPU
		{1D99C749-69B8-498F-9231-AE54E41FD2FB}.Debug|Any CPU.Build.0 = Debug|Any CPU
		{1D99C749-69B8-498F-9231-AE54E41FD2FB}.Release|Any CPU.ActiveCfg = Release|Any CPU
		{1D99C749-69B8-498F-9231-AE54E41FD2FB}.Release|Any CPU.Build.0 = Release|Any CPU
		{53E21214-9C82-4DE8-AA24-EC94D321F0C5}.Debug|Any CPU.ActiveCfg = Debug|Any CPU
		{53E21214-9C82-4DE8-AA24-EC94D321F0C5}.Debug|Any CPU.Build.0 = Debug|Any CPU
		{53E21214-9C82-4DE8-AA24-EC94D321F0C5}.Release|Any CPU.ActiveCfg = Release|Any CPU
		{53E21214-9C82-4DE8-AA24-EC94D321F0C5}.Release|Any CPU.Build.0 = Release|Any CPU
	EndGlobalSection
	GlobalSection(SolutionProperties) = preSolution
		HideSolutionNode = FALSE
	EndGlobalSection
EndGlobal
